
Microsoft Visual Studio Solution File, Format Version 12.00
# Visual Studio Version 17
VisualStudioVersion = 17.0.31903.59
MinimumVisualStudioVersion = 10.0.40219.1
Project("{2150E333-8FDC-42A3-9474-1A3956D46DE8}") = "Gestao", "Gestao", "{8F140025-3CAE-4C2D-AE3D-956239A48BAB}"
EndProject
Project("{FAE04EC0-301F-11D3-BF4B-00C04F79EFBC}") = "Gestao", "Gestao\Gestao\Gestao.csproj", "{1938D7E0-E4A5-44B1-9093-E490BB8182DF}"
EndProject
Project("{FAE04EC0-301F-11D3-BF4B-00C04F79EFBC}") = "Gestao.Client", "Gestao\Gestao.Client\Gestao.Client.csproj", "{2AF02DA8-657E-45A9-9BA0-F88EF72868C0}"
EndProject
Global
	GlobalSection(SolutionConfigurationPlatforms) = preSolution
		Debug|Any CPU = Debug|Any CPU
		Release|Any CPU = Release|Any CPU
	EndGlobalSection
	GlobalSection(SolutionProperties) = preSolution
		HideSolutionNode = FALSE
	EndGlobalSection
	GlobalSection(ProjectConfigurationPlatforms) = postSolution
		{1938D7E0-E4A5-44B1-9093-E490BB8182DF}.Debug|Any CPU.ActiveCfg = Debug|Any CPU
		{1938D7E0-E4A5-44B1-9093-E490BB8182DF}.Debug|Any CPU.Build.0 = Debug|Any CPU
		{1938D7E0-E4A5-44B1-9093-E490BB8182DF}.Release|Any CPU.ActiveCfg = Release|Any CPU
		{1938D7E0-E4A5-44B1-9093-E490BB8182DF}.Release|Any CPU.Build.0 = Release|Any CPU
		{2AF02DA8-657E-45A9-9BA0-F88EF72868C0}.Debug|Any CPU.ActiveCfg = Debug|Any CPU
		{2AF02DA8-657E-45A9-9BA0-F88EF72868C0}.Debug|Any CPU.Build.0 = Debug|Any CPU
		{2AF02DA8-657E-45A9-9BA0-F88EF72868C0}.Release|Any CPU.ActiveCfg = Release|Any CPU
		{2AF02DA8-657E-45A9-9BA0-F88EF72868C0}.Release|Any CPU.Build.0 = Release|Any CPU
	EndGlobalSection
	GlobalSection(NestedProjects) = preSolution
		{1938D7E0-E4A5-44B1-9093-E490BB8182DF} = {8F140025-3CAE-4C2D-AE3D-956239A48BAB}
		{2AF02DA8-657E-45A9-9BA0-F88EF72868C0} = {8F140025-3CAE-4C2D-AE3D-956239A48BAB}
	EndGlobalSection
EndGlobal
