
Microsoft Visual Studio Solution File, Format Version 12.00
# Visual Studio Version 17
VisualStudioVersion = 17.0.31903.59
MinimumVisualStudioVersion = 10.0.40219.1
Project("{2150E333-8FDC-42A3-9474-1A3956D46DE8}") = "BlazorIdentity", "BlazorIdentity", "{0C8C5BC4-494F-4CA1-BA5B-5AF52356D3F0}"
EndProject
Project("{FAE04EC0-301F-11D3-BF4B-00C04F79EFBC}") = "BlazorIdentity", "BlazorIdentity\BlazorIdentity\BlazorIdentity.csproj", "{1C757145-05E0-493D-8B7E-58282E480FC5}"
EndProject
Project("{FAE04EC0-301F-11D3-BF4B-00C04F79EFBC}") = "BlazorIdentity.Client", "BlazorIdentity\BlazorIdentity.Client\BlazorIdentity.Client.csproj", "{122A2235-2C77-4FB9-809B-1E9FCDE0877E}"
EndProject
Global
	GlobalSection(SolutionConfigurationPlatforms) = preSolution
		Debug|Any CPU = Debug|Any CPU
		Release|Any CPU = Release|Any CPU
	EndGlobalSection
	GlobalSection(SolutionProperties) = preSolution
		HideSolutionNode = FALSE
	EndGlobalSection
	GlobalSection(ProjectConfigurationPlatforms) = postSolution
		{1C757145-05E0-493D-8B7E-58282E480FC5}.Debug|Any CPU.ActiveCfg = Debug|Any CPU
		{1C757145-05E0-493D-8B7E-58282E480FC5}.Debug|Any CPU.Build.0 = Debug|Any CPU
		{1C757145-05E0-493D-8B7E-58282E480FC5}.Release|Any CPU.ActiveCfg = Release|Any CPU
		{1C757145-05E0-493D-8B7E-58282E480FC5}.Release|Any CPU.Build.0 = Release|Any CPU
		{122A2235-2C77-4FB9-809B-1E9FCDE0877E}.Debug|Any CPU.ActiveCfg = Debug|Any CPU
		{122A2235-2C77-4FB9-809B-1E9FCDE0877E}.Debug|Any CPU.Build.0 = Debug|Any CPU
		{122A2235-2C77-4FB9-809B-1E9FCDE0877E}.Release|Any CPU.ActiveCfg = Release|Any CPU
		{122A2235-2C77-4FB9-809B-1E9FCDE0877E}.Release|Any CPU.Build.0 = Release|Any CPU
	EndGlobalSection
	GlobalSection(NestedProjects) = preSolution
		{1C757145-05E0-493D-8B7E-58282E480FC5} = {0C8C5BC4-494F-4CA1-BA5B-5AF52356D3F0}
		{122A2235-2C77-4FB9-809B-1E9FCDE0877E} = {0C8C5BC4-494F-4CA1-BA5B-5AF52356D3F0}
	EndGlobalSection
EndGlobal
